
Microsoft Visual Studio Solution File, Format Version 12.00
# Visual Studio Version 17
VisualStudioVersion = 17.3.32804.467
MinimumVisualStudioVersion = 10.0.40219.1
Project("{9A19103F-16F7-4668-BE54-9A1E7A4F7556}") = "com.tweet.app", "com.tweet.app.csproj", "{5BAA0CED-5EF2-4654-B573-3613FD77E2E6}"
EndProject
Project("{9A19103F-16F7-4668-BE54-9A1E7A4F7556}") = "com.tweetapp.Controller", "..\com.tweetapp.Controller\com.tweetapp.Controller.csproj", "{0921F90E-A918-412C-831B-2F03A8FE42AE}"
EndProject
Project("{9A19103F-16F7-4668-BE54-9A1E7A4F7556}") = "com.tweetapp.Model", "..\com.tweetapp.Model\com.tweetapp.Model.csproj", "{026A9C93-775F-4D7B-8880-95F1A1B2A2C9}"
EndProject
Project("{9A19103F-16F7-4668-BE54-9A1E7A4F7556}") = "com.tweetapp.Repository", "..\com.tweetapp.Repository\com.tweetapp.Repository.csproj", "{BA649DC5-E6BC-452B-A7DD-B3F64930525A}"
EndProject
Project("{9A19103F-16F7-4668-BE54-9A1E7A4F7556}") = "com.tweetapp.Services", "..\com.tweetapp.Services\com.tweetapp.Services.csproj", "{62915C85-0D43-4B20-A300-EBDDCB67561E}"
EndProject
Project("{9A19103F-16F7-4668-BE54-9A1E7A4F7556}") = "com.tweetapp.test", "..\com.tweetapp.test\com.tweetapp.test.csproj", "{B673087D-1156-4401-91FB-A221D5B6F19A}"
EndProject
Global
	GlobalSection(SolutionConfigurationPlatforms) = preSolution
		Debug|Any CPU = Debug|Any CPU
		Release|Any CPU = Release|Any CPU
	EndGlobalSection
	GlobalSection(ProjectConfigurationPlatforms) = postSolution
		{5BAA0CED-5EF2-4654-B573-3613FD77E2E6}.Debug|Any CPU.ActiveCfg = Debug|Any CPU
		{5BAA0CED-5EF2-4654-B573-3613FD77E2E6}.Debug|Any CPU.Build.0 = Debug|Any CPU
		{5BAA0CED-5EF2-4654-B573-3613FD77E2E6}.Release|Any CPU.ActiveCfg = Release|Any CPU
		{5BAA0CED-5EF2-4654-B573-3613FD77E2E6}.Release|Any CPU.Build.0 = Release|Any CPU
		{0921F90E-A918-412C-831B-2F03A8FE42AE}.Debug|Any CPU.ActiveCfg = Debug|Any CPU
		{0921F90E-A918-412C-831B-2F03A8FE42AE}.Debug|Any CPU.Build.0 = Debug|Any CPU
		{0921F90E-A918-412C-831B-2F03A8FE42AE}.Release|Any CPU.ActiveCfg = Release|Any CPU
		{0921F90E-A918-412C-831B-2F03A8FE42AE}.Release|Any CPU.Build.0 = Release|Any CPU
		{026A9C93-775F-4D7B-8880-95F1A1B2A2C9}.Debug|Any CPU.ActiveCfg = Debug|Any CPU
		{026A9C93-775F-4D7B-8880-95F1A1B2A2C9}.Debug|Any CPU.Build.0 = Debug|Any CPU
		{026A9C93-775F-4D7B-8880-95F1A1B2A2C9}.Release|Any CPU.ActiveCfg = Release|Any CPU
		{026A9C93-775F-4D7B-8880-95F1A1B2A2C9}.Release|Any CPU.Build.0 = Release|Any CPU
		{BA649DC5-E6BC-452B-A7DD-B3F64930525A}.Debug|Any CPU.ActiveCfg = Debug|Any CPU
		{BA649DC5-E6BC-452B-A7DD-B3F64930525A}.Debug|Any CPU.Build.0 = Debug|Any CPU
		{BA649DC5-E6BC-452B-A7DD-B3F64930525A}.Release|Any CPU.ActiveCfg = Release|Any CPU
		{BA649DC5-E6BC-452B-A7DD-B3F64930525A}.Release|Any CPU.Build.0 = Release|Any CPU
		{62915C85-0D43-4B20-A300-EBDDCB67561E}.Debug|Any CPU.ActiveCfg = Debug|Any CPU
		{62915C85-0D43-4B20-A300-EBDDCB67561E}.Debug|Any CPU.Build.0 = Debug|Any CPU
		{62915C85-0D43-4B20-A300-EBDDCB67561E}.Release|Any CPU.ActiveCfg = Release|Any CPU
		{62915C85-0D43-4B20-A300-EBDDCB67561E}.Release|Any CPU.Build.0 = Release|Any CPU
		{B673087D-1156-4401-91FB-A221D5B6F19A}.Debug|Any CPU.ActiveCfg = Debug|Any CPU
		{B673087D-1156-4401-91FB-A221D5B6F19A}.Debug|Any CPU.Build.0 = Debug|Any CPU
		{B673087D-1156-4401-91FB-A221D5B6F19A}.Release|Any CPU.ActiveCfg = Release|Any CPU
		{B673087D-1156-4401-91FB-A221D5B6F19A}.Release|Any CPU.Build.0 = Release|Any CPU
	EndGlobalSection
	GlobalSection(SolutionProperties) = preSolution
		HideSolutionNode = FALSE
	EndGlobalSection
	GlobalSection(ExtensibilityGlobals) = postSolution
		SolutionGuid = {A392AAC3-161C-4D0B-8B70-3027F1E51471}
	EndGlobalSection
EndGlobal
